{
  "originHash" : "8e148a824d63150f4e5a348b3343e2ccdd385f2ae00c66a840955a439a51869a",
  "pins" : [
    {
      "identity" : "swift-syntax",
      "kind" : "remoteSourceControl",
      "location" : "https://github.com/swiftlang/swift-syntax.git",
      "state" : {
        "revision" : "050f1a346fbbac0ca2cfb15a95274f7bd1cf0ccf",
        "version" : "604.0.0"
      }
    }
  ],
  "version" : 3
}
