{
  "originHash" : "e74f40d0c6e07a8112610c29a0f300a39ae09610e359a94af85bbd3dc06fce76",
  "pins" : [
    {
      "identity" : "swift-syntax",
      "kind" : "remoteSourceControl",
      "location" : "https://github.com/swiftlang/swift-syntax.git",
      "state" : {
        "revision" : "79e4b74a295b6eb74a8b585e3a39d29e70c1dbd1",
        "version" : "603.0.2"
      }
    }
  ],
  "version" : 3
}
