// !$*UTF8*$!
{
    archiveVersion = 1;
    classes = {};
    objectVersion = 77;
    objects = {
        A00000000000000000000001 = { isa = PBXProject; buildConfigurationList = A00000000000000000000010; compatibilityVersion = "Xcode 16.0"; developmentRegion = en; knownRegions = (en, Base); mainGroup = A00000000000000000000002; productRefGroup = A00000000000000000000003; projectDirPath = ""; projectRoot = ""; packageReferences = (A00000000000000000000020); targets = (A00000000000000000000004, A00000000000000000000031, A00000000000000000000041, A00000000000000000000051); };
        A00000000000000000000002 = { isa = PBXGroup; children = (A00000000000000000000005, A00000000000000000000032, A00000000000000000000042, A00000000000000000000052, A00000000000000000000003); sourceTree = "<group>"; };
        A00000000000000000000003 = { isa = PBXGroup; children = (A00000000000000000000006, A00000000000000000000033, A00000000000000000000043, A00000000000000000000053); name = Products; sourceTree = "<group>"; };
        A00000000000000000000004 = { isa = PBXNativeTarget; buildConfigurationList = A00000000000000000000011; buildPhases = (A00000000000000000000007, A00000000000000000000008, A00000000000000000000009); buildRules = (); dependencies = (); name = RouterNativeIPadProbe; packageProductDependencies = (A00000000000000000000021); productName = RouterNativeIPadProbe; productReference = A00000000000000000000006; productType = "com.apple.product-type.application"; };
        A00000000000000000000005 = { isa = PBXFileReference; lastKnownFileType = sourcecode.swift; path = iPad/ProbeApp.swift; sourceTree = "<group>"; };
        A00000000000000000000006 = { isa = PBXFileReference; explicitFileType = wrapper.application; includeInIndex = 0; path = RouterNativeIPadProbe.app; sourceTree = BUILT_PRODUCTS_DIR; };
        A00000000000000000000007 = { isa = PBXSourcesBuildPhase; buildActionMask = 2147483647; files = (A00000000000000000000022); runOnlyForDeploymentPostprocessing = 0; };
        A00000000000000000000008 = { isa = PBXFrameworksBuildPhase; buildActionMask = 2147483647; files = (A00000000000000000000023); runOnlyForDeploymentPostprocessing = 0; };
        A00000000000000000000009 = { isa = PBXResourcesBuildPhase; buildActionMask = 2147483647; files = (); runOnlyForDeploymentPostprocessing = 0; };
        A00000000000000000000010 = { isa = XCConfigurationList; buildConfigurations = (A00000000000000000000012, A00000000000000000000013); defaultConfigurationIsVisible = 0; defaultConfigurationName = Release; };
        A00000000000000000000011 = { isa = XCConfigurationList; buildConfigurations = (A00000000000000000000014, A00000000000000000000015); defaultConfigurationIsVisible = 0; defaultConfigurationName = Release; };
        A00000000000000000000012 = { isa = XCBuildConfiguration; buildSettings = { SWIFT_VERSION = 6.0; CLANG_ENABLE_MODULES = YES; ONLY_ACTIVE_ARCH = YES; }; name = Debug; };
        A00000000000000000000013 = { isa = XCBuildConfiguration; buildSettings = { SWIFT_VERSION = 6.0; CLANG_ENABLE_MODULES = YES; }; name = Release; };
        A00000000000000000000014 = { isa = XCBuildConfiguration; buildSettings = { PRODUCT_NAME = "$(TARGET_NAME)"; PRODUCT_BUNDLE_IDENTIFIER = com.innosquad.router.native-ipad-probe; SDKROOT = iphoneos; SUPPORTED_PLATFORMS = "iphoneos iphonesimulator"; IPHONEOS_DEPLOYMENT_TARGET = 18.0; TARGETED_DEVICE_FAMILY = 2; INFOPLIST_FILE = iPad/Info.plist; CODE_SIGN_STYLE = Automatic; SWIFT_OPTIMIZATION_LEVEL = "-Onone"; SWIFT_ACTIVE_COMPILATION_CONDITIONS = DEBUG; LD_RUNPATH_SEARCH_PATHS = "$(inherited) @executable_path/Frameworks"; }; name = Debug; };
        A00000000000000000000015 = { isa = XCBuildConfiguration; buildSettings = { PRODUCT_NAME = "$(TARGET_NAME)"; PRODUCT_BUNDLE_IDENTIFIER = com.innosquad.router.native-ipad-probe; SDKROOT = iphoneos; SUPPORTED_PLATFORMS = "iphoneos iphonesimulator"; IPHONEOS_DEPLOYMENT_TARGET = 18.0; TARGETED_DEVICE_FAMILY = 2; INFOPLIST_FILE = iPad/Info.plist; CODE_SIGN_STYLE = Automatic; SWIFT_OPTIMIZATION_LEVEL = "-O"; LD_RUNPATH_SEARCH_PATHS = "$(inherited) @executable_path/Frameworks"; }; name = Release; };
        A00000000000000000000020 = { isa = XCLocalSwiftPackageReference; relativePath = ..; };
        A00000000000000000000021 = { isa = XCSwiftPackageProductDependency; package = A00000000000000000000020; productName = InnoRouter; };
        A00000000000000000000022 = { isa = PBXBuildFile; fileRef = A00000000000000000000005; };
        A00000000000000000000023 = { isa = PBXBuildFile; productRef = A00000000000000000000021; };
        A00000000000000000000031 = { isa = PBXNativeTarget; buildConfigurationList = A00000000000000000000037; buildPhases = (A00000000000000000000034, A00000000000000000000035, A00000000000000000000036); buildRules = (); dependencies = (); name = RouterNativeVisionProbe; packageProductDependencies = (A00000000000000000000021); productName = RouterNativeVisionProbe; productReference = A00000000000000000000033; productType = "com.apple.product-type.application"; };
        A00000000000000000000032 = { isa = PBXFileReference; lastKnownFileType = sourcecode.swift; path = Vision/ProbeApp.swift; sourceTree = "<group>"; };
        A00000000000000000000033 = { isa = PBXFileReference; explicitFileType = wrapper.application; includeInIndex = 0; path = RouterNativeVisionProbe.app; sourceTree = BUILT_PRODUCTS_DIR; };
        A00000000000000000000034 = { isa = PBXSourcesBuildPhase; buildActionMask = 2147483647; files = (A0000000000000000000003A); runOnlyForDeploymentPostprocessing = 0; };
        A00000000000000000000035 = { isa = PBXFrameworksBuildPhase; buildActionMask = 2147483647; files = (A0000000000000000000003B); runOnlyForDeploymentPostprocessing = 0; };
        A00000000000000000000036 = { isa = PBXResourcesBuildPhase; buildActionMask = 2147483647; files = (); runOnlyForDeploymentPostprocessing = 0; };
        A00000000000000000000037 = { isa = XCConfigurationList; buildConfigurations = (A00000000000000000000038, A00000000000000000000039); defaultConfigurationIsVisible = 0; defaultConfigurationName = Release; };
        A00000000000000000000038 = { isa = XCBuildConfiguration; buildSettings = { PRODUCT_NAME = "$(TARGET_NAME)"; PRODUCT_BUNDLE_IDENTIFIER = com.innosquad.router.native-vision-probe; SDKROOT = xros; SUPPORTED_PLATFORMS = "xros xrsimulator"; XROS_DEPLOYMENT_TARGET = 2.0; TARGETED_DEVICE_FAMILY = 7; INFOPLIST_FILE = iPad/Info.plist; CODE_SIGN_STYLE = Automatic; SWIFT_OPTIMIZATION_LEVEL = "-Onone"; SWIFT_ACTIVE_COMPILATION_CONDITIONS = DEBUG; LD_RUNPATH_SEARCH_PATHS = "$(inherited) @executable_path/Frameworks"; }; name = Debug; };
        A00000000000000000000039 = { isa = XCBuildConfiguration; buildSettings = { PRODUCT_NAME = "$(TARGET_NAME)"; PRODUCT_BUNDLE_IDENTIFIER = com.innosquad.router.native-vision-probe; SDKROOT = xros; SUPPORTED_PLATFORMS = "xros xrsimulator"; XROS_DEPLOYMENT_TARGET = 2.0; TARGETED_DEVICE_FAMILY = 7; INFOPLIST_FILE = iPad/Info.plist; CODE_SIGN_STYLE = Automatic; SWIFT_OPTIMIZATION_LEVEL = "-O"; LD_RUNPATH_SEARCH_PATHS = "$(inherited) @executable_path/Frameworks"; }; name = Release; };
        A0000000000000000000003A = { isa = PBXBuildFile; fileRef = A00000000000000000000032; };
        A0000000000000000000003B = { isa = PBXBuildFile; productRef = A00000000000000000000021; };
        A00000000000000000000041 = { isa = PBXNativeTarget; buildConfigurationList = A00000000000000000000047; buildPhases = (A00000000000000000000044, A00000000000000000000045, A00000000000000000000046); buildRules = (); dependencies = (); name = RouterInspectorProbe; packageProductDependencies = (A00000000000000000000021, A0000000000000000000004C, A0000000000000000000004D); productName = RouterInspectorProbe; productReference = A00000000000000000000043; productType = "com.apple.product-type.application"; };
        A00000000000000000000042 = { isa = PBXFileReference; lastKnownFileType = sourcecode.swift; path = Sources/RouterInspectorProbe/ProbeApp.swift; sourceTree = "<group>"; };
        A00000000000000000000043 = { isa = PBXFileReference; explicitFileType = wrapper.application; includeInIndex = 0; path = RouterInspectorProbe.app; sourceTree = BUILT_PRODUCTS_DIR; };
        A00000000000000000000044 = { isa = PBXSourcesBuildPhase; buildActionMask = 2147483647; files = (A0000000000000000000004A); runOnlyForDeploymentPostprocessing = 0; };
        A00000000000000000000045 = { isa = PBXFrameworksBuildPhase; buildActionMask = 2147483647; files = (A0000000000000000000004B, A0000000000000000000004E, A0000000000000000000004F); runOnlyForDeploymentPostprocessing = 0; };
        A00000000000000000000046 = { isa = PBXResourcesBuildPhase; buildActionMask = 2147483647; files = (); runOnlyForDeploymentPostprocessing = 0; };
        A00000000000000000000047 = { isa = XCConfigurationList; buildConfigurations = (A00000000000000000000048, A00000000000000000000049); defaultConfigurationIsVisible = 0; defaultConfigurationName = Release; };
        A00000000000000000000048 = { isa = XCBuildConfiguration; buildSettings = { PRODUCT_NAME = "$(TARGET_NAME)"; PRODUCT_BUNDLE_IDENTIFIER = com.innosquad.router.inspector-probe; SDKROOT = iphoneos; SUPPORTED_PLATFORMS = "iphonesimulator"; IPHONEOS_DEPLOYMENT_TARGET = 18.0; TARGETED_DEVICE_FAMILY = "1,2"; INFOPLIST_FILE = iPad/Info.plist; CODE_SIGN_STYLE = Automatic; SWIFT_OPTIMIZATION_LEVEL = "-Onone"; SWIFT_ACTIVE_COMPILATION_CONDITIONS = DEBUG; ENABLE_TESTING_SEARCH_PATHS = YES; LD_RUNPATH_SEARCH_PATHS = ("$(inherited)", "@executable_path/Frameworks", "$(PLATFORM_DIR)/Developer/Library/Frameworks", "$(PLATFORM_DIR)/Developer/usr/lib"); }; name = Debug; };
        A00000000000000000000049 = { isa = XCBuildConfiguration; buildSettings = { PRODUCT_NAME = "$(TARGET_NAME)"; PRODUCT_BUNDLE_IDENTIFIER = com.innosquad.router.inspector-probe; SDKROOT = iphoneos; SUPPORTED_PLATFORMS = "iphonesimulator"; IPHONEOS_DEPLOYMENT_TARGET = 18.0; TARGETED_DEVICE_FAMILY = "1,2"; INFOPLIST_FILE = iPad/Info.plist; CODE_SIGN_STYLE = Automatic; SWIFT_OPTIMIZATION_LEVEL = "-O"; ENABLE_TESTING_SEARCH_PATHS = YES; LD_RUNPATH_SEARCH_PATHS = ("$(inherited)", "@executable_path/Frameworks", "$(PLATFORM_DIR)/Developer/Library/Frameworks", "$(PLATFORM_DIR)/Developer/usr/lib"); }; name = Release; };
        A0000000000000000000004A = { isa = PBXBuildFile; fileRef = A00000000000000000000042; };
        A0000000000000000000004B = { isa = PBXBuildFile; productRef = A00000000000000000000021; };
        A0000000000000000000004C = { isa = XCSwiftPackageProductDependency; package = A00000000000000000000020; productName = InnoRouterInspector; };
        A0000000000000000000004D = { isa = XCSwiftPackageProductDependency; package = A00000000000000000000020; productName = InnoRouterTesting; };
        A0000000000000000000004E = { isa = PBXBuildFile; productRef = A0000000000000000000004C; };
        A0000000000000000000004F = { isa = PBXBuildFile; productRef = A0000000000000000000004D; };
        A00000000000000000000051 = { isa = PBXNativeTarget; buildConfigurationList = A00000000000000000000057; buildPhases = (A00000000000000000000054, A00000000000000000000055); buildRules = (); dependencies = (A0000000000000000000005C); name = RouterInspectorUITests; productName = RouterInspectorUITests; productReference = A00000000000000000000053; productType = "com.apple.product-type.bundle.ui-testing"; };
        A00000000000000000000052 = { isa = PBXFileReference; lastKnownFileType = sourcecode.swift; path = InspectorUITests/InspectorUITests.swift; sourceTree = SOURCE_ROOT; };
        A00000000000000000000053 = { isa = PBXFileReference; explicitFileType = wrapper.cfbundle; includeInIndex = 0; path = RouterInspectorUITests.xctest; sourceTree = BUILT_PRODUCTS_DIR; };
        A00000000000000000000054 = { isa = PBXSourcesBuildPhase; buildActionMask = 2147483647; files = (A0000000000000000000005A); runOnlyForDeploymentPostprocessing = 0; };
        A00000000000000000000055 = { isa = PBXFrameworksBuildPhase; buildActionMask = 2147483647; files = (); runOnlyForDeploymentPostprocessing = 0; };
        A00000000000000000000057 = { isa = XCConfigurationList; buildConfigurations = (A00000000000000000000058, A00000000000000000000059); defaultConfigurationIsVisible = 0; defaultConfigurationName = Release; };
        A00000000000000000000058 = { isa = XCBuildConfiguration; buildSettings = { PRODUCT_NAME = "$(TARGET_NAME)"; PRODUCT_BUNDLE_IDENTIFIER = com.innosquad.router.inspector-uitests; SDKROOT = iphoneos; SUPPORTED_PLATFORMS = iphonesimulator; IPHONEOS_DEPLOYMENT_TARGET = 18.0; TARGETED_DEVICE_FAMILY = "1,2"; GENERATE_INFOPLIST_FILE = YES; TEST_TARGET_NAME = RouterInspectorProbe; SWIFT_OPTIMIZATION_LEVEL = "-Onone"; LD_RUNPATH_SEARCH_PATHS = "$(inherited) @executable_path/Frameworks @loader_path/Frameworks"; }; name = Debug; };
        A00000000000000000000059 = { isa = XCBuildConfiguration; buildSettings = { PRODUCT_NAME = "$(TARGET_NAME)"; PRODUCT_BUNDLE_IDENTIFIER = com.innosquad.router.inspector-uitests; SDKROOT = iphoneos; SUPPORTED_PLATFORMS = iphonesimulator; IPHONEOS_DEPLOYMENT_TARGET = 18.0; TARGETED_DEVICE_FAMILY = "1,2"; GENERATE_INFOPLIST_FILE = YES; TEST_TARGET_NAME = RouterInspectorProbe; SWIFT_OPTIMIZATION_LEVEL = "-O"; LD_RUNPATH_SEARCH_PATHS = "$(inherited) @executable_path/Frameworks @loader_path/Frameworks"; }; name = Release; };
        A0000000000000000000005A = { isa = PBXBuildFile; fileRef = A00000000000000000000052; };
        A0000000000000000000005B = { isa = PBXContainerItemProxy; containerPortal = A00000000000000000000001; proxyType = 1; remoteGlobalIDString = A00000000000000000000041; remoteInfo = RouterInspectorProbe; };
        A0000000000000000000005C = { isa = PBXTargetDependency; target = A00000000000000000000041; targetProxy = A0000000000000000000005B; };
    };
    rootObject = A00000000000000000000001;
}
